
Microsoft Visual Studio Solution File, Format Version 12.00
# Visual Studio Version 17
VisualStudioVersion = 17.5.33424.131
MinimumVisualStudioVersion = 10.0.40219.1
Project("{FAE04EC0-301F-11D3-BF4B-00C04F79EFBC}") = "PowerLearn.Lib", "PowerLearn.Lib\PowerLearn.Lib.csproj", "{3996CCFB-A081-4ADA-8E4D-9E315B8A0BB3}"
EndProject
Project("{FAE04EC0-301F-11D3-BF4B-00C04F79EFBC}") = "PowerLearnCreator", "PowerLearnCreator\PowerLearnCreator.csproj", "{3FF2D4D8-6766-415D-A1AF-8F4F04FF6B7E}"
EndProject
Project("{FAE04EC0-301F-11D3-BF4B-00C04F79EFBC}") = "PowerLearnCandidate", "PowerLearnCandidate\PowerLearnCandidate.csproj", "{BD84B350-4BD3-4DF7-A0CA-719ED5C13437}"
EndProject
Project("{FAE04EC0-301F-11D3-BF4B-00C04F79EFBC}") = "PowerLearnChecker", "PowerLearnChecker\PowerLearnChecker.csproj", "{F2838BAE-AA0F-43A7-9368-D8546DB977A0}"
EndProject
Global
	GlobalSection(SolutionConfigurationPlatforms) = preSolution
		Debug cli|Any CPU = Debug cli|Any CPU
		Debug|Any CPU = Debug|Any CPU
		Release|Any CPU = Release|Any CPU
	EndGlobalSection
	GlobalSection(ProjectConfigurationPlatforms) = postSolution
		{3996CCFB-A081-4ADA-8E4D-9E315B8A0BB3}.Debug cli|Any CPU.ActiveCfg = Debug cli|Any CPU
		{3996CCFB-A081-4ADA-8E4D-9E315B8A0BB3}.Debug cli|Any CPU.Build.0 = Debug cli|Any CPU
		{3996CCFB-A081-4ADA-8E4D-9E315B8A0BB3}.Debug|Any CPU.ActiveCfg = Debug|Any CPU
		{3996CCFB-A081-4ADA-8E4D-9E315B8A0BB3}.Debug|Any CPU.Build.0 = Debug|Any CPU
		{3996CCFB-A081-4ADA-8E4D-9E315B8A0BB3}.Release|Any CPU.ActiveCfg = Release|Any CPU
		{3996CCFB-A081-4ADA-8E4D-9E315B8A0BB3}.Release|Any CPU.Build.0 = Release|Any CPU
		{3FF2D4D8-6766-415D-A1AF-8F4F04FF6B7E}.Debug cli|Any CPU.ActiveCfg = Debug cli|Any CPU
		{3FF2D4D8-6766-415D-A1AF-8F4F04FF6B7E}.Debug cli|Any CPU.Build.0 = Debug cli|Any CPU
		{3FF2D4D8-6766-415D-A1AF-8F4F04FF6B7E}.Debug|Any CPU.ActiveCfg = Debug|Any CPU
		{3FF2D4D8-6766-415D-A1AF-8F4F04FF6B7E}.Debug|Any CPU.Build.0 = Debug|Any CPU
		{3FF2D4D8-6766-415D-A1AF-8F4F04FF6B7E}.Release|Any CPU.ActiveCfg = Release|Any CPU
		{3FF2D4D8-6766-415D-A1AF-8F4F04FF6B7E}.Release|Any CPU.Build.0 = Release|Any CPU
		{BD84B350-4BD3-4DF7-A0CA-719ED5C13437}.Debug cli|Any CPU.ActiveCfg = Debug cli|Any CPU
		{BD84B350-4BD3-4DF7-A0CA-719ED5C13437}.Debug cli|Any CPU.Build.0 = Debug cli|Any CPU
		{BD84B350-4BD3-4DF7-A0CA-719ED5C13437}.Debug|Any CPU.ActiveCfg = Debug|Any CPU
		{BD84B350-4BD3-4DF7-A0CA-719ED5C13437}.Debug|Any CPU.Build.0 = Debug|Any CPU
		{BD84B350-4BD3-4DF7-A0CA-719ED5C13437}.Release|Any CPU.ActiveCfg = Release|Any CPU
		{BD84B350-4BD3-4DF7-A0CA-719ED5C13437}.Release|Any CPU.Build.0 = Release|Any CPU
		{F2838BAE-AA0F-43A7-9368-D8546DB977A0}.Debug cli|Any CPU.ActiveCfg = Debug|Any CPU
		{F2838BAE-AA0F-43A7-9368-D8546DB977A0}.Debug cli|Any CPU.Build.0 = Debug|Any CPU
		{F2838BAE-AA0F-43A7-9368-D8546DB977A0}.Debug|Any CPU.ActiveCfg = Debug|Any CPU
		{F2838BAE-AA0F-43A7-9368-D8546DB977A0}.Debug|Any CPU.Build.0 = Debug|Any CPU
		{F2838BAE-AA0F-43A7-9368-D8546DB977A0}.Release|Any CPU.ActiveCfg = Release|Any CPU
		{F2838BAE-AA0F-43A7-9368-D8546DB977A0}.Release|Any CPU.Build.0 = Release|Any CPU
	EndGlobalSection
	GlobalSection(SolutionProperties) = preSolution
		HideSolutionNode = FALSE
	EndGlobalSection
	GlobalSection(ExtensibilityGlobals) = postSolution
		SolutionGuid = {FB183A7F-4F36-4C2A-A769-E69B3A483ADA}
	EndGlobalSection
EndGlobal
